
Microsoft Visual Studio Solution File, Format Version 12.00
# Visual Studio Version 16
VisualStudioVersion = 16.0.31025.194
MinimumVisualStudioVersion = 10.0.40219.1
Project("{9A19103F-16F7-4668-BE54-9A1E7A4F7556}") = "Livraria.DATA", "Livraria.DATA\Livraria.DATA.csproj", "{F071AB74-4979-45BD-A4FA-01805580D3E5}"
EndProject
Project("{FAE04EC0-301F-11D3-BF4B-00C04F79EFBC}") = "Livraria.WEB", "Livraria.WEB\Livraria.WEB.csproj", "{F74CB2E6-A69B-404F-9A5C-7221D6BF6B54}"
EndProject
Global
	GlobalSection(SolutionConfigurationPlatforms) = preSolution
		Debug|Any CPU = Debug|Any CPU
		Release|Any CPU = Release|Any CPU
	EndGlobalSection
	GlobalSection(ProjectConfigurationPlatforms) = postSolution
		{F071AB74-4979-45BD-A4FA-01805580D3E5}.Debug|Any CPU.ActiveCfg = Debug|Any CPU
		{F071AB74-4979-45BD-A4FA-01805580D3E5}.Debug|Any CPU.Build.0 = Debug|Any CPU
		{F071AB74-4979-45BD-A4FA-01805580D3E5}.Release|Any CPU.ActiveCfg = Release|Any CPU
		{F071AB74-4979-45BD-A4FA-01805580D3E5}.Release|Any CPU.Build.0 = Release|Any CPU
		{F74CB2E6-A69B-404F-9A5C-7221D6BF6B54}.Debug|Any CPU.ActiveCfg = Debug|Any CPU
		{F74CB2E6-A69B-404F-9A5C-7221D6BF6B54}.Debug|Any CPU.Build.0 = Debug|Any CPU
		{F74CB2E6-A69B-404F-9A5C-7221D6BF6B54}.Release|Any CPU.ActiveCfg = Release|Any CPU
		{F74CB2E6-A69B-404F-9A5C-7221D6BF6B54}.Release|Any CPU.Build.0 = Release|Any CPU
	EndGlobalSection
	GlobalSection(SolutionProperties) = preSolution
		HideSolutionNode = FALSE
	EndGlobalSection
	GlobalSection(ExtensibilityGlobals) = postSolution
		SolutionGuid = {8FCF2CC1-BAE2-4437-B2EA-FC26DD139C08}
	EndGlobalSection
EndGlobal
